
Microsoft Visual Studio Solution File, Format Version 12.00
# Visual Studio Version 17
VisualStudioVersion = 17.11.35219.272
MinimumVisualStudioVersion = 10.0.40219.1
Project("{9A19103F-16F7-4668-BE54-9A1E7A4F7556}") = "API_listaTelefone", "API_listaTelefone\API_listaTelefone.csproj", "{14F58E9F-2488-48B7-8D94-6307CDF189D0}"
EndProject
Global
	GlobalSection(SolutionConfigurationPlatforms) = preSolution
		Debug|Any CPU = Debug|Any CPU
		Release|Any CPU = Release|Any CPU
	EndGlobalSection
	GlobalSection(ProjectConfigurationPlatforms) = postSolution
		{14F58E9F-2488-48B7-8D94-6307CDF189D0}.Debug|Any CPU.ActiveCfg = Debug|Any CPU
		{14F58E9F-2488-48B7-8D94-6307CDF189D0}.Debug|Any CPU.Build.0 = Debug|Any CPU
		{14F58E9F-2488-48B7-8D94-6307CDF189D0}.Release|Any CPU.ActiveCfg = Release|Any CPU
		{14F58E9F-2488-48B7-8D94-6307CDF189D0}.Release|Any CPU.Build.0 = Release|Any CPU
	EndGlobalSection
	GlobalSection(SolutionProperties) = preSolution
		HideSolutionNode = FALSE
	EndGlobalSection
	GlobalSection(ExtensibilityGlobals) = postSolution
		SolutionGuid = {B20DD849-020A-425B-9A6A-EEAB463D54A6}
	EndGlobalSection
EndGlobal
