
Microsoft Visual Studio Solution File, Format Version 12.00
# Visual Studio Version 17
VisualStudioVersion = 17.11.35219.272
MinimumVisualStudioVersion = 10.0.40219.1
Project("{FAE04EC0-301F-11D3-BF4B-00C04F79EFBC}") = "api-agenda-telefonica", "api-agenda-telefonica\api-agenda-telefonica.csproj", "{30B23E8B-EEBC-46AF-BBF3-CE1134A2DAF1}"
EndProject
Global
	GlobalSection(SolutionConfigurationPlatforms) = preSolution
		Debug|Any CPU = Debug|Any CPU
		Release|Any CPU = Release|Any CPU
	EndGlobalSection
	GlobalSection(ProjectConfigurationPlatforms) = postSolution
		{30B23E8B-EEBC-46AF-BBF3-CE1134A2DAF1}.Debug|Any CPU.ActiveCfg = Debug|Any CPU
		{30B23E8B-EEBC-46AF-BBF3-CE1134A2DAF1}.Debug|Any CPU.Build.0 = Debug|Any CPU
		{30B23E8B-EEBC-46AF-BBF3-CE1134A2DAF1}.Release|Any CPU.ActiveCfg = Release|Any CPU
		{30B23E8B-EEBC-46AF-BBF3-CE1134A2DAF1}.Release|Any CPU.Build.0 = Release|Any CPU
	EndGlobalSection
	GlobalSection(SolutionProperties) = preSolution
		HideSolutionNode = FALSE
	EndGlobalSection
	GlobalSection(ExtensibilityGlobals) = postSolution
		SolutionGuid = {6945ACCD-1755-4B20-932C-69759A0816AA}
	EndGlobalSection
EndGlobal
